
Microsoft Visual Studio Solution File, Format Version 12.00
# Visual Studio Version 16
VisualStudioVersion = 16.0.30114.105
MinimumVisualStudioVersion = 10.0.40219.1
Project("{FAE04EC0-301F-11D3-BF4B-00C04F79EFBC}") = "R5T.Winchester.Base", "R5T.Winchester.Base\R5T.Winchester.Base.csproj", "{7645C68E-B30C-44D5-90C5-9B691CF95973}"
EndProject
Project("{FAE04EC0-301F-11D3-BF4B-00C04F79EFBC}") = "R5T.Winchester.Base.Construction", "R5T.Winchester.Base.Construction\R5T.Winchester.Base.Construction.csproj", "{22ADEEAC-E09E-4FB3-BAF2-66E77DD12F52}"
EndProject
Global
	GlobalSection(SolutionConfigurationPlatforms) = preSolution
		Debug|Any CPU = Debug|Any CPU
		Debug|x64 = Debug|x64
		Debug|x86 = Debug|x86
		Release|Any CPU = Release|Any CPU
		Release|x64 = Release|x64
		Release|x86 = Release|x86
	EndGlobalSection
	GlobalSection(SolutionProperties) = preSolution
		HideSolutionNode = FALSE
	EndGlobalSection
	GlobalSection(ProjectConfigurationPlatforms) = postSolution
		{7645C68E-B30C-44D5-90C5-9B691CF95973}.Debug|Any CPU.ActiveCfg = Debug|Any CPU
		{7645C68E-B30C-44D5-90C5-9B691CF95973}.Debug|Any CPU.Build.0 = Debug|Any CPU
		{7645C68E-B30C-44D5-90C5-9B691CF95973}.Debug|x64.ActiveCfg = Debug|Any CPU
		{7645C68E-B30C-44D5-90C5-9B691CF95973}.Debug|x64.Build.0 = Debug|Any CPU
		{7645C68E-B30C-44D5-90C5-9B691CF95973}.Debug|x86.ActiveCfg = Debug|Any CPU
		{7645C68E-B30C-44D5-90C5-9B691CF95973}.Debug|x86.Build.0 = Debug|Any CPU
		{7645C68E-B30C-44D5-90C5-9B691CF95973}.Release|Any CPU.ActiveCfg = Release|Any CPU
		{7645C68E-B30C-44D5-90C5-9B691CF95973}.Release|Any CPU.Build.0 = Release|Any CPU
		{7645C68E-B30C-44D5-90C5-9B691CF95973}.Release|x64.ActiveCfg = Release|Any CPU
		{7645C68E-B30C-44D5-90C5-9B691CF95973}.Release|x64.Build.0 = Release|Any CPU
		{7645C68E-B30C-44D5-90C5-9B691CF95973}.Release|x86.ActiveCfg = Release|Any CPU
		{7645C68E-B30C-44D5-90C5-9B691CF95973}.Release|x86.Build.0 = Release|Any CPU
		{22ADEEAC-E09E-4FB3-BAF2-66E77DD12F52}.Debug|Any CPU.ActiveCfg = Debug|Any CPU
		{22ADEEAC-E09E-4FB3-BAF2-66E77DD12F52}.Debug|Any CPU.Build.0 = Debug|Any CPU
		{22ADEEAC-E09E-4FB3-BAF2-66E77DD12F52}.Debug|x64.ActiveCfg = Debug|Any CPU
		{22ADEEAC-E09E-4FB3-BAF2-66E77DD12F52}.Debug|x64.Build.0 = Debug|Any CPU
		{22ADEEAC-E09E-4FB3-BAF2-66E77DD12F52}.Debug|x86.ActiveCfg = Debug|Any CPU
		{22ADEEAC-E09E-4FB3-BAF2-66E77DD12F52}.Debug|x86.Build.0 = Debug|Any CPU
		{22ADEEAC-E09E-4FB3-BAF2-66E77DD12F52}.Release|Any CPU.ActiveCfg = Release|Any CPU
		{22ADEEAC-E09E-4FB3-BAF2-66E77DD12F52}.Release|Any CPU.Build.0 = Release|Any CPU
		{22ADEEAC-E09E-4FB3-BAF2-66E77DD12F52}.Release|x64.ActiveCfg = Release|Any CPU
		{22ADEEAC-E09E-4FB3-BAF2-66E77DD12F52}.Release|x64.Build.0 = Release|Any CPU
		{22ADEEAC-E09E-4FB3-BAF2-66E77DD12F52}.Release|x86.ActiveCfg = Release|Any CPU
		{22ADEEAC-E09E-4FB3-BAF2-66E77DD12F52}.Release|x86.Build.0 = Release|Any CPU
	EndGlobalSection
EndGlobal
