
Microsoft Visual Studio Solution File, Format Version 12.00
# Visual Studio 15
VisualStudioVersion = 15.0.26124.0
MinimumVisualStudioVersion = 15.0.26124.0
Project("{FAE04EC0-301F-11D3-BF4B-00C04F79EFBC}") = "R5T.Winchester.Base.Construction", "R5T.Winchester.Base.Construction\R5T.Winchester.Base.Construction.csproj", "{363F321D-0D15-4D81-9F3A-1778E3241C44}"
EndProject
Project("{FAE04EC0-301F-11D3-BF4B-00C04F79EFBC}") = "R5T.Winchester.Base", "R5T.Winchester.Base\R5T.Winchester.Base.csproj", "{FCB372FD-012A-418B-A9A2-C7F496EFCE77}"
EndProject
Project("{2150E333-8FDC-42A3-9474-1A3956D46DE8}") = "_Dependencies", "_Dependencies", "{7576D82C-60CA-4647-8ABA-5AEE3CD78C5C}"
EndProject
Project("{FAE04EC0-301F-11D3-BF4B-00C04F79EFBC}") = "R5T.T0064", "..\..\R5T.T0064\source\R5T.T0064\R5T.T0064.csproj", "{5A45A5D8-6303-47F4-938B-8EF785FEEE1F}"
EndProject
Global
	GlobalSection(SolutionConfigurationPlatforms) = preSolution
		Debug|Any CPU = Debug|Any CPU
		Debug|x64 = Debug|x64
		Debug|x86 = Debug|x86
		Release|Any CPU = Release|Any CPU
		Release|x64 = Release|x64
		Release|x86 = Release|x86
	EndGlobalSection
	GlobalSection(SolutionProperties) = preSolution
		HideSolutionNode = FALSE
	EndGlobalSection
	GlobalSection(ProjectConfigurationPlatforms) = postSolution
		{363F321D-0D15-4D81-9F3A-1778E3241C44}.Debug|Any CPU.ActiveCfg = Debug|Any CPU
		{363F321D-0D15-4D81-9F3A-1778E3241C44}.Debug|Any CPU.Build.0 = Debug|Any CPU
		{363F321D-0D15-4D81-9F3A-1778E3241C44}.Debug|x64.ActiveCfg = Debug|Any CPU
		{363F321D-0D15-4D81-9F3A-1778E3241C44}.Debug|x64.Build.0 = Debug|Any CPU
		{363F321D-0D15-4D81-9F3A-1778E3241C44}.Debug|x86.ActiveCfg = Debug|Any CPU
		{363F321D-0D15-4D81-9F3A-1778E3241C44}.Debug|x86.Build.0 = Debug|Any CPU
		{363F321D-0D15-4D81-9F3A-1778E3241C44}.Release|Any CPU.ActiveCfg = Release|Any CPU
		{363F321D-0D15-4D81-9F3A-1778E3241C44}.Release|Any CPU.Build.0 = Release|Any CPU
		{363F321D-0D15-4D81-9F3A-1778E3241C44}.Release|x64.ActiveCfg = Release|Any CPU
		{363F321D-0D15-4D81-9F3A-1778E3241C44}.Release|x64.Build.0 = Release|Any CPU
		{363F321D-0D15-4D81-9F3A-1778E3241C44}.Release|x86.ActiveCfg = Release|Any CPU
		{363F321D-0D15-4D81-9F3A-1778E3241C44}.Release|x86.Build.0 = Release|Any CPU
		{FCB372FD-012A-418B-A9A2-C7F496EFCE77}.Debug|Any CPU.ActiveCfg = Debug|Any CPU
		{FCB372FD-012A-418B-A9A2-C7F496EFCE77}.Debug|Any CPU.Build.0 = Debug|Any CPU
		{FCB372FD-012A-418B-A9A2-C7F496EFCE77}.Debug|x64.ActiveCfg = Debug|Any CPU
		{FCB372FD-012A-418B-A9A2-C7F496EFCE77}.Debug|x64.Build.0 = Debug|Any CPU
		{FCB372FD-012A-418B-A9A2-C7F496EFCE77}.Debug|x86.ActiveCfg = Debug|Any CPU
		{FCB372FD-012A-418B-A9A2-C7F496EFCE77}.Debug|x86.Build.0 = Debug|Any CPU
		{FCB372FD-012A-418B-A9A2-C7F496EFCE77}.Release|Any CPU.ActiveCfg = Release|Any CPU
		{FCB372FD-012A-418B-A9A2-C7F496EFCE77}.Release|Any CPU.Build.0 = Release|Any CPU
		{FCB372FD-012A-418B-A9A2-C7F496EFCE77}.Release|x64.ActiveCfg = Release|Any CPU
		{FCB372FD-012A-418B-A9A2-C7F496EFCE77}.Release|x64.Build.0 = Release|Any CPU
		{FCB372FD-012A-418B-A9A2-C7F496EFCE77}.Release|x86.ActiveCfg = Release|Any CPU
		{FCB372FD-012A-418B-A9A2-C7F496EFCE77}.Release|x86.Build.0 = Release|Any CPU
		{5A45A5D8-6303-47F4-938B-8EF785FEEE1F}.Debug|Any CPU.ActiveCfg = Debug|Any CPU
		{5A45A5D8-6303-47F4-938B-8EF785FEEE1F}.Debug|Any CPU.Build.0 = Debug|Any CPU
		{5A45A5D8-6303-47F4-938B-8EF785FEEE1F}.Debug|x64.ActiveCfg = Debug|Any CPU
		{5A45A5D8-6303-47F4-938B-8EF785FEEE1F}.Debug|x64.Build.0 = Debug|Any CPU
		{5A45A5D8-6303-47F4-938B-8EF785FEEE1F}.Debug|x86.ActiveCfg = Debug|Any CPU
		{5A45A5D8-6303-47F4-938B-8EF785FEEE1F}.Debug|x86.Build.0 = Debug|Any CPU
		{5A45A5D8-6303-47F4-938B-8EF785FEEE1F}.Release|Any CPU.ActiveCfg = Release|Any CPU
		{5A45A5D8-6303-47F4-938B-8EF785FEEE1F}.Release|Any CPU.Build.0 = Release|Any CPU
		{5A45A5D8-6303-47F4-938B-8EF785FEEE1F}.Release|x64.ActiveCfg = Release|Any CPU
		{5A45A5D8-6303-47F4-938B-8EF785FEEE1F}.Release|x64.Build.0 = Release|Any CPU
		{5A45A5D8-6303-47F4-938B-8EF785FEEE1F}.Release|x86.ActiveCfg = Release|Any CPU
		{5A45A5D8-6303-47F4-938B-8EF785FEEE1F}.Release|x86.Build.0 = Release|Any CPU
	EndGlobalSection
	GlobalSection(NestedProjects) = preSolution
		{5A45A5D8-6303-47F4-938B-8EF785FEEE1F} = {7576D82C-60CA-4647-8ABA-5AEE3CD78C5C}
	EndGlobalSection
EndGlobal
